
Microsoft Visual Studio Solution File, Format Version 12.00
# Visual Studio Version 17
VisualStudioVersion = 17.7.34024.191
MinimumVisualStudioVersion = 10.0.40219.1
Project("{FAE04EC0-301F-11D3-BF4B-00C04F79EFBC}") = "Quiz_Tidlor", "Quiz_Tidlor\Quiz_Tidlor.csproj", "{531FBCF3-E062-4C12-8B22-060D9517B215}"
EndProject
Global
	GlobalSection(SolutionConfigurationPlatforms) = preSolution
		Debug|Any CPU = Debug|Any CPU
		Release|Any CPU = Release|Any CPU
	EndGlobalSection
	GlobalSection(ProjectConfigurationPlatforms) = postSolution
		{531FBCF3-E062-4C12-8B22-060D9517B215}.Debug|Any CPU.ActiveCfg = Debug|Any CPU
		{531FBCF3-E062-4C12-8B22-060D9517B215}.Debug|Any CPU.Build.0 = Debug|Any CPU
		{531FBCF3-E062-4C12-8B22-060D9517B215}.Release|Any CPU.ActiveCfg = Release|Any CPU
		{531FBCF3-E062-4C12-8B22-060D9517B215}.Release|Any CPU.Build.0 = Release|Any CPU
	EndGlobalSection
	GlobalSection(SolutionProperties) = preSolution
		HideSolutionNode = FALSE
	EndGlobalSection
	GlobalSection(ExtensibilityGlobals) = postSolution
		SolutionGuid = {CB416838-306F-4F06-AB5C-0A2174B2DE48}
	EndGlobalSection
EndGlobal
